{
  "originHash" : "25a65565dc4f20e94e6d2c3ce0ae96cb750e579f29ac4fc1f539132be287cbf3",
  "pins" : [
    {
      "identity" : "freewind-swiftui-debug-bridge",
      "kind" : "remoteSourceControl",
      "location" : "https://github.com/freewind/freewind-swiftui-debug-bridge.git",
      "state" : {
        "revision" : "90b79324194d59793c8f49308789d2a799406db5"
      }
    }
  ],
  "version" : 3
}
