{
  "originHash" : "490a00ac3a9f6787b009c3618fd9e9a0a41018da9a9bdcc0450952247ec85d46",
  "pins" : [
    {
      "identity" : "freewind-swiftui-debug-bridge",
      "kind" : "remoteSourceControl",
      "location" : "https://github.com/freewind/freewind-swiftui-debug-bridge.git",
      "state" : {
        "revision" : "90b79324194d59793c8f49308789d2a799406db5"
      }
    }
  ],
  "version" : 3
}
